// !$*UTF8*$!
{
	archiveVersion = 1;
	classes = {
	};
	objectVersion = 55;
	objects = {

/* Begin PBXBuildFile section */
		249F218C27AFFD9800A1F2A0 /* AppDelegate.swift in Sources */ = {isa = PBXBuildFile; fileRef = 249F218B27AFFD9800A1F2A0 /* AppDelegate.swift */; };
		249F218E27AFFD9800A1F2A0 /* SceneDelegate.swift in Sources */ = {isa = PBXBuildFile; fileRef = 249F218D27AFFD9800A1F2A0 /* SceneDelegate.swift */; };
		249F219027AFFD9800A1F2A0 /* ViewController.swift in Sources */ = {isa = PBXBuildFile; fileRef = 249F218F27AFFD9800A1F2A0 /* ViewController.swift */; };
		249F219327AFFD9800A1F2A0 /* Main.storyboard in Resources */ = {isa = PBXBuildFile; fileRef = 249F219127AFFD9800A1F2A0 /* Main.storyboard */; };
		249F219527AFFD9A00A1F2A0 /* Assets.xcassets in Resources */ = {isa = PBXBuildFile; fileRef = 249F219427AFFD9A00A1F2A0 /* Assets.xcassets */; };
		249F219827AFFD9A00A1F2A0 /* LaunchScreen.storyboard in Resources */ = {isa = PBXBuildFile; fileRef = 249F219627AFFD9A00A1F2A0 /* LaunchScreen.storyboard */; };
		249F21A327AFFD9A00A1F2A0 /* PracticeMockoloTests.swift in Sources */ = {isa = PBXBuildFile; fileRef = 249F21A227AFFD9A00A1F2A0 /* PracticeMockoloTests.swift */; };
		249F21AD27AFFD9A00A1F2A0 /* PracticeMockoloUITests.swift in Sources */ = {isa = PBXBuildFile; fileRef = 249F21AC27AFFD9A00A1F2A0 /* PracticeMockoloUITests.swift */; };
		249F21AF27AFFD9A00A1F2A0 /* PracticeMockoloUITestsLaunchTests.swift in Sources */ = {isa = PBXBuildFile; fileRef = 249F21AE27AFFD9A00A1F2A0 /* PracticeMockoloUITestsLaunchTests.swift */; };
		249F21BD27B0063100A1F2A0 /* MockResults.swift in Sources */ = {isa = PBXBuildFile; fileRef = 249F21BC27B0063100A1F2A0 /* MockResults.swift */; };
		249F21BF27B0066200A1F2A0 /* Protocol.swift in Sources */ = {isa = PBXBuildFile; fileRef = 249F21BE27B0066200A1F2A0 /* Protocol.swift */; };
/* End PBXBuildFile section */

/* Begin PBXContainerItemProxy section */
		249F219F27AFFD9A00A1F2A0 /* PBXContainerItemProxy */ = {
			isa = PBXContainerItemProxy;
			containerPortal = 249F218027AFFD9800A1F2A0 /* Project object */;
			proxyType = 1;
			remoteGlobalIDString = 249F218727AFFD9800A1F2A0;
			remoteInfo = PracticeMockolo;
		};
		249F21A927AFFD9A00A1F2A0 /* PBXContainerItemProxy */ = {
			isa = PBXContainerItemProxy;
			containerPortal = 249F218027AFFD9800A1F2A0 /* Project object */;
			proxyType = 1;
			remoteGlobalIDString = 249F218727AFFD9800A1F2A0;
			remoteInfo = PracticeMockolo;
		};
/* End PBXContainerItemProxy section */

/* Begin PBXFileReference section */
		249F218827AFFD9800A1F2A0 /* PracticeMockolo.app */ = {isa = PBXFileReference; explicitFileType = wrapper.application; includeInIndex = 0; path = PracticeMockolo.app; sourceTree = BUILT_PRODUCTS_DIR; };
		249F218B27AFFD9800A1F2A0 /* AppDelegate.swift */ = {isa = PBXFileReference; lastKnownFileType = sourcecode.swift; path = AppDelegate.swift; sourceTree = "<group>"; };
		249F218D27AFFD9800A1F2A0 /* SceneDelegate.swift */ = {isa = PBXFileReference; lastKnownFileType = sourcecode.swift; path = SceneDelegate.swift; sourceTree = "<group>"; };
		249F218F27AFFD9800A1F2A0 /* ViewController.swift */ = {isa = PBXFileReference; lastKnownFileType = sourcecode.swift; path = ViewController.swift; sourceTree = "<group>"; };
		249F219227AFFD9800A1F2A0 /* Base */ = {isa = PBXFileReference; lastKnownFileType = file.storyboard; name = Base; path = Base.lproj/Main.storyboard; sourceTree = "<group>"; };
		249F219427AFFD9A00A1F2A0 /* Assets.xcassets */ = {isa = PBXFileReference; lastKnownFileType = folder.assetcatalog; path = Assets.xcassets; sourceTree = "<group>"; };
		249F219727AFFD9A00A1F2A0 /* Base */ = {isa = PBXFileReference; lastKnownFileType = file.storyboard; name = Base; path = Base.lproj/LaunchScreen.storyboard; sourceTree = "<group>"; };
		249F219927AFFD9A00A1F2A0 /* Info.plist */ = {isa = PBXFileReference; lastKnownFileType = text.plist.xml; path = Info.plist; sourceTree = "<group>"; };
		249F219E27AFFD9A00A1F2A0 /* PracticeMockoloTests.xctest */ = {isa = PBXFileReference; explicitFileType = wrapper.cfbundle; includeInIndex = 0; path = PracticeMockoloTests.xctest; sourceTree = BUILT_PRODUCTS_DIR; };
		249F21A227AFFD9A00A1F2A0 /* PracticeMockoloTests.swift */ = {isa = PBXFileReference; lastKnownFileType = sourcecode.swift; path = PracticeMockoloTests.swift; sourceTree = "<group>"; };
		249F21A827AFFD9A00A1F2A0 /* PracticeMockoloUITests.xctest */ = {isa = PBXFileReference; explicitFileType = wrapper.cfbundle; includeInIndex = 0; path = PracticeMockoloUITests.xctest; sourceTree = BUILT_PRODUCTS_DIR; };
		249F21AC27AFFD9A00A1F2A0 /* PracticeMockoloUITests.swift */ = {isa = PBXFileReference; lastKnownFileType = sourcecode.swift; path = PracticeMockoloUITests.swift; sourceTree = "<group>"; };
		249F21AE27AFFD9A00A1F2A0 /* PracticeMockoloUITestsLaunchTests.swift */ = {isa = PBXFileReference; lastKnownFileType = sourcecode.swift; path = PracticeMockoloUITestsLaunchTests.swift; sourceTree = "<group>"; };
		249F21BC27B0063100A1F2A0 /* MockResults.swift */ = {isa = PBXFileReference; fileEncoding = 4; lastKnownFileType = sourcecode.swift; path = MockResults.swift; sourceTree = SOURCE_ROOT; };
		249F21BE27B0066200A1F2A0 /* Protocol.swift */ = {isa = PBXFileReference; lastKnownFileType = sourcecode.swift; path = Protocol.swift; sourceTree = "<group>"; };
/* End PBXFileReference section */

/* Begin PBXFrameworksBuildPhase section */
		249F218527AFFD9800A1F2A0 /* Frameworks */ = {
			isa = PBXFrameworksBuildPhase;
			buildActionMask = 2147483647;
			files = (
			);
			runOnlyForDeploymentPostprocessing = 0;
		};
		249F219B27AFFD9A00A1F2A0 /* Frameworks */ = {
			isa = PBXFrameworksBuildPhase;
			buildActionMask = 2147483647;
			files = (
			);
			runOnlyForDeploymentPostprocessing = 0;
		};
		249F21A527AFFD9A00A1F2A0 /* Frameworks */ = {
			isa = PBXFrameworksBuildPhase;
			buildActionMask = 2147483647;
			files = (
			);
			runOnlyForDeploymentPostprocessing = 0;
		};
/* End PBXFrameworksBuildPhase section */

/* Begin PBXGroup section */
		249F217F27AFFD9800A1F2A0 = {
			isa = PBXGroup;
			children = (
				249F218A27AFFD9800A1F2A0 /* PracticeMockolo */,
				249F21A127AFFD9A00A1F2A0 /* PracticeMockoloTests */,
				249F21AB27AFFD9A00A1F2A0 /* PracticeMockoloUITests */,
				249F218927AFFD9800A1F2A0 /* Products */,
			);
			sourceTree = "<group>";
		};
		249F218927AFFD9800A1F2A0 /* Products */ = {
			isa = PBXGroup;
			children = (
				249F218827AFFD9800A1F2A0 /* PracticeMockolo.app */,
				249F219E27AFFD9A00A1F2A0 /* PracticeMockoloTests.xctest */,
				249F21A827AFFD9A00A1F2A0 /* PracticeMockoloUITests.xctest */,
			);
			name = Products;
			sourceTree = "<group>";
		};
		249F218A27AFFD9800A1F2A0 /* PracticeMockolo */ = {
			isa = PBXGroup;
			children = (
				249F21BC27B0063100A1F2A0 /* MockResults.swift */,
				249F218B27AFFD9800A1F2A0 /* AppDelegate.swift */,
				249F218D27AFFD9800A1F2A0 /* SceneDelegate.swift */,
				249F218F27AFFD9800A1F2A0 /* ViewController.swift */,
				249F219127AFFD9800A1F2A0 /* Main.storyboard */,
				249F219427AFFD9A00A1F2A0 /* Assets.xcassets */,
				249F219627AFFD9A00A1F2A0 /* LaunchScreen.storyboard */,
				249F219927AFFD9A00A1F2A0 /* Info.plist */,
				249F21BE27B0066200A1F2A0 /* Protocol.swift */,
			);
			path = PracticeMockolo;
			sourceTree = "<group>";
		};
		249F21A127AFFD9A00A1F2A0 /* PracticeMockoloTests */ = {
			isa = PBXGroup;
			children = (
				249F21A227AFFD9A00A1F2A0 /* PracticeMockoloTests.swift */,
			);
			path = PracticeMockoloTests;
			sourceTree = "<group>";
		};
		249F21AB27AFFD9A00A1F2A0 /* PracticeMockoloUITests */ = {
			isa = PBXGroup;
			children = (
				249F21AC27AFFD9A00A1F2A0 /* PracticeMockoloUITests.swift */,
				249F21AE27AFFD9A00A1F2A0 /* PracticeMockoloUITestsLaunchTests.swift */,
			);
			path = PracticeMockoloUITests;
			sourceTree = "<group>";
		};
/* End PBXGroup section */

/* Begin PBXNativeTarget section */
		249F218727AFFD9800A1F2A0 /* PracticeMockolo */ = {
			isa = PBXNativeTarget;
			buildConfigurationList = 249F21B227AFFD9A00A1F2A0 /* Build configuration list for PBXNativeTarget "PracticeMockolo" */;
			buildPhases = (
				249F21BB27B003D800A1F2A0 /* Generate Mocks with Mockolo */,
				249F218427AFFD9800A1F2A0 /* Sources */,
				249F218527AFFD9800A1F2A0 /* Frameworks */,
				249F218627AFFD9800A1F2A0 /* Resources */,
			);
			buildRules = (
			);
			dependencies = (
			);
			name = PracticeMockolo;
			productName = PracticeMockolo;
			productReference = 249F218827AFFD9800A1F2A0 /* PracticeMockolo.app */;
			productType = "com.apple.product-type.application";
		};
		249F219D27AFFD9A00A1F2A0 /* PracticeMockoloTests */ = {
			isa = PBXNativeTarget;
			buildConfigurationList = 249F21B527AFFD9A00A1F2A0 /* Build configuration list for PBXNativeTarget "PracticeMockoloTests" */;
			buildPhases = (
				249F219A27AFFD9A00A1F2A0 /* Sources */,
				249F219B27AFFD9A00A1F2A0 /* Frameworks */,
				249F219C27AFFD9A00A1F2A0 /* Resources */,
			);
			buildRules = (
			);
			dependencies = (
				249F21A027AFFD9A00A1F2A0 /* PBXTargetDependency */,
			);
			name = PracticeMockoloTests;
			productName = PracticeMockoloTests;
			productReference = 249F219E27AFFD9A00A1F2A0 /* PracticeMockoloTests.xctest */;
			productType = "com.apple.product-type.bundle.unit-test";
		};
		249F21A727AFFD9A00A1F2A0 /* PracticeMockoloUITests */ = {
			isa = PBXNativeTarget;
			buildConfigurationList = 249F21B827AFFD9A00A1F2A0 /* Build configuration list for PBXNativeTarget "PracticeMockoloUITests" */;
			buildPhases = (
				249F21A427AFFD9A00A1F2A0 /* Sources */,
				249F21A527AFFD9A00A1F2A0 /* Frameworks */,
				249F21A627AFFD9A00A1F2A0 /* Resources */,
			);
			buildRules = (
			);
			dependencies = (
				249F21AA27AFFD9A00A1F2A0 /* PBXTargetDependency */,
			);
			name = PracticeMockoloUITests;
			productName = PracticeMockoloUITests;
			productReference = 249F21A827AFFD9A00A1F2A0 /* PracticeMockoloUITests.xctest */;
			productType = "com.apple.product-type.bundle.ui-testing";
		};
/* End PBXNativeTarget section */

/* Begin PBXProject section */
		249F218027AFFD9800A1F2A0 /* Project object */ = {
			isa = PBXProject;
			attributes = {
				BuildIndependentTargetsInParallel = 1;
				LastSwiftUpdateCheck = 1320;
				LastUpgradeCheck = 1320;
				TargetAttributes = {
					249F218727AFFD9800A1F2A0 = {
						CreatedOnToolsVersion = 13.2.1;
					};
					249F219D27AFFD9A00A1F2A0 = {
						CreatedOnToolsVersion = 13.2.1;
						TestTargetID = 249F218727AFFD9800A1F2A0;
					};
					249F21A727AFFD9A00A1F2A0 = {
						CreatedOnToolsVersion = 13.2.1;
						TestTargetID = 249F218727AFFD9800A1F2A0;
					};
				};
			};
			buildConfigurationList = 249F218327AFFD9800A1F2A0 /* Build configuration list for PBXProject "PracticeMockolo" */;
			compatibilityVersion = "Xcode 13.0";
			developmentRegion = en;
			hasScannedForEncodings = 0;
			knownRegions = (
				en,
				Base,
			);
			mainGroup = 249F217F27AFFD9800A1F2A0;
			productRefGroup = 249F218927AFFD9800A1F2A0 /* Products */;
			projectDirPath = "";
			projectRoot = "";
			targets = (
				249F218727AFFD9800A1F2A0 /* PracticeMockolo */,
				249F219D27AFFD9A00A1F2A0 /* PracticeMockoloTests */,
				249F21A727AFFD9A00A1F2A0 /* PracticeMockoloUITests */,
			);
		};
/* End PBXProject section */

/* Begin PBXResourcesBuildPhase section */
		249F218627AFFD9800A1F2A0 /* Resources */ = {
			isa = PBXResourcesBuildPhase;
			buildActionMask = 2147483647;
			files = (
				249F219827AFFD9A00A1F2A0 /* LaunchScreen.storyboard in Resources */,
				249F219527AFFD9A00A1F2A0 /* Assets.xcassets in Resources */,
				249F219327AFFD9800A1F2A0 /* Main.storyboard in Resources */,
			);
			runOnlyForDeploymentPostprocessing = 0;
		};
		249F219C27AFFD9A00A1F2A0 /* Resources */ = {
			isa = PBXResourcesBuildPhase;
			buildActionMask = 2147483647;
			files = (
			);
			runOnlyForDeploymentPostprocessing = 0;
		};
		249F21A627AFFD9A00A1F2A0 /* Resources */ = {
			isa = PBXResourcesBuildPhase;
			buildActionMask = 2147483647;
			files = (
			);
			runOnlyForDeploymentPostprocessing = 0;
		};
/* End PBXResourcesBuildPhase section */

/* Begin PBXShellScriptBuildPhase section */
		249F21BB27B003D800A1F2A0 /* Generate Mocks with Mockolo */ = {
			isa = PBXShellScriptBuildPhase;
			buildActionMask = 2147483647;
			files = (
			);
			inputFileListPaths = (
			);
			inputPaths = (
			);
			name = "Generate Mocks with Mockolo";
			outputFileListPaths = (
			);
			outputPaths = (
				$SRCROOT/MockResults.swift,
			);
			runOnlyForDeploymentPostprocessing = 0;
			shellPath = /bin/sh;
			shellScript = "if which mint >/dev/null; then\n  rm -f $SRCROOT/MockResults.swift\n  mint run mockolo mockolo --sourcedirs $SRCROOT/PracticeMockolo --destination $SRCROOT/MockResults.swift\nelse\n  echo \"warning: Mint not installed, download from https://github.com/yonaskolb/Mint\"\nfi\n";
		};
/* End PBXShellScriptBuildPhase section */

/* Begin PBXSourcesBuildPhase section */
		249F218427AFFD9800A1F2A0 /* Sources */ = {
			isa = PBXSourcesBuildPhase;
			buildActionMask = 2147483647;
			files = (
				249F21BD27B0063100A1F2A0 /* MockResults.swift in Sources */,
				249F219027AFFD9800A1F2A0 /* ViewController.swift in Sources */,
				249F218C27AFFD9800A1F2A0 /* AppDelegate.swift in Sources */,
				249F218E27AFFD9800A1F2A0 /* SceneDelegate.swift in Sources */,
				249F21BF27B0066200A1F2A0 /* Protocol.swift in Sources */,
			);
			runOnlyForDeploymentPostprocessing = 0;
		};
		249F219A27AFFD9A00A1F2A0 /* Sources */ = {
			isa = PBXSourcesBuildPhase;
			buildActionMask = 2147483647;
			files = (
				249F21A327AFFD9A00A1F2A0 /* PracticeMockoloTests.swift in Sources */,
			);
			runOnlyForDeploymentPostprocessing = 0;
		};
		249F21A427AFFD9A00A1F2A0 /* Sources */ = {
			isa = PBXSourcesBuildPhase;
			buildActionMask = 2147483647;
			files = (
				249F21AF27AFFD9A00A1F2A0 /* PracticeMockoloUITestsLaunchTests.swift in Sources */,
				249F21AD27AFFD9A00A1F2A0 /* PracticeMockoloUITests.swift in Sources */,
			);
			runOnlyForDeploymentPostprocessing = 0;
		};
/* End PBXSourcesBuildPhase section */

/* Begin PBXTargetDependency section */
		249F21A027AFFD9A00A1F2A0 /* PBXTargetDependency */ = {
			isa = PBXTargetDependency;
			target = 249F218727AFFD9800A1F2A0 /* PracticeMockolo */;
			targetProxy = 249F219F27AFFD9A00A1F2A0 /* PBXContainerItemProxy */;
		};
		249F21AA27AFFD9A00A1F2A0 /* PBXTargetDependency */ = {
			isa = PBXTargetDependency;
			target = 249F218727AFFD9800A1F2A0 /* PracticeMockolo */;
			targetProxy = 249F21A927AFFD9A00A1F2A0 /* PBXContainerItemProxy */;
		};
/* End PBXTargetDependency section */

/* Begin PBXVariantGroup section */
		249F219127AFFD9800A1F2A0 /* Main.storyboard */ = {
			isa = PBXVariantGroup;
			children = (
				249F219227AFFD9800A1F2A0 /* Base */,
			);
			name = Main.storyboard;
			sourceTree = "<group>";
		};
		249F219627AFFD9A00A1F2A0 /* LaunchScreen.storyboard */ = {
			isa = PBXVariantGroup;
			children = (
				249F219727AFFD9A00A1F2A0 /* Base */,
			);
			name = LaunchScreen.storyboard;
			sourceTree = "<group>";
		};
/* End PBXVariantGroup section */

/* Begin XCBuildConfiguration section */
		249F21B027AFFD9A00A1F2A0 /* Debug */ = {
			isa = XCBuildConfiguration;
			buildSettings = {
				ALWAYS_SEARCH_USER_PATHS = NO;
				CLANG_ANALYZER_NONNULL = YES;
				CLANG_ANALYZER_NUMBER_OBJECT_CONVERSION = YES_AGGRESSIVE;
				CLANG_CXX_LANGUAGE_STANDARD = "gnu++17";
				CLANG_CXX_LIBRARY = "libc++";
				CLANG_ENABLE_MODULES = YES;
				CLANG_ENABLE_OBJC_ARC = YES;
				CLANG_ENABLE_OBJC_WEAK = YES;
				CLANG_WARN_BLOCK_CAPTURE_AUTORELEASING = YES;
				CLANG_WARN_BOOL_CONVERSION = YES;
				CLANG_WARN_COMMA = YES;
				CLANG_WARN_CONSTANT_CONVERSION = YES;
				CLANG_WARN_DEPRECATED_OBJC_IMPLEMENTATIONS = YES;
				CLANG_WARN_DIRECT_OBJC_ISA_USAGE = YES_ERROR;
				CLANG_WARN_DOCUMENTATION_COMMENTS = YES;
				CLANG_WARN_EMPTY_BODY = YES;
				CLANG_WARN_ENUM_CONVERSION = YES;
				CLANG_WARN_INFINITE_RECURSION = YES;
				CLANG_WARN_INT_CONVERSION = YES;
				CLANG_WARN_NON_LITERAL_NULL_CONVERSION = YES;
				CLANG_WARN_OBJC_IMPLICIT_RETAIN_SELF = YES;
				CLANG_WARN_OBJC_LITERAL_CONVERSION = YES;
				CLANG_WARN_OBJC_ROOT_CLASS = YES_ERROR;
				CLANG_WARN_QUOTED_INCLUDE_IN_FRAMEWORK_HEADER = YES;
				CLANG_WARN_RANGE_LOOP_ANALYSIS = YES;
				CLANG_WARN_STRICT_PROTOTYPES = YES;
				CLANG_WARN_SUSPICIOUS_MOVE = YES;
				CLANG_WARN_UNGUARDED_AVAILABILITY = YES_AGGRESSIVE;
				CLANG_WARN_UNREACHABLE_CODE = YES;
				CLANG_WARN__DUPLICATE_METHOD_MATCH = YES;
				COPY_PHASE_STRIP = NO;
				DEBUG_INFORMATION_FORMAT = dwarf;
				ENABLE_STRICT_OBJC_MSGSEND = YES;
				ENABLE_TESTABILITY = YES;
				GCC_C_LANGUAGE_STANDARD = gnu11;
				GCC_DYNAMIC_NO_PIC = NO;
				GCC_NO_COMMON_BLOCKS = YES;
				GCC_OPTIMIZATION_LEVEL = 0;
				GCC_PREPROCESSOR_DEFINITIONS = (
					"DEBUG=1",
					"$(inherited)",
				);
				GCC_WARN_64_TO_32_BIT_CONVERSION = YES;
				GCC_WARN_ABOUT_RETURN_TYPE = YES_ERROR;
				GCC_WARN_UNDECLARED_SELECTOR = YES;
				GCC_WARN_UNINITIALIZED_AUTOS = YES_AGGRESSIVE;
				GCC_WARN_UNUSED_FUNCTION = YES;
				GCC_WARN_UNUSED_VARIABLE = YES;
				IPHONEOS_DEPLOYMENT_TARGET = 15.2;
				MTL_ENABLE_DEBUG_INFO = INCLUDE_SOURCE;
				MTL_FAST_MATH = YES;
				ONLY_ACTIVE_ARCH = YES;
				SDKROOT = iphoneos;
				SWIFT_ACTIVE_COMPILATION_CONDITIONS = DEBUG;
				SWIFT_OPTIMIZATION_LEVEL = "-Onone";
			};
			name = Debug;
		};
		249F21B127AFFD9A00A1F2A0 /* Release */ = {
			isa = XCBuildConfiguration;
			buildSettings = {
				ALWAYS_SEARCH_USER_PATHS = NO;
				CLANG_ANALYZER_NONNULL = YES;
				CLANG_ANALYZER_NUMBER_OBJECT_CONVERSION = YES_AGGRESSIVE;
				CLANG_CXX_LANGUAGE_STANDARD = "gnu++17";
				CLANG_CXX_LIBRARY = "libc++";
				CLANG_ENABLE_MODULES = YES;
				CLANG_ENABLE_OBJC_ARC = YES;
				CLANG_ENABLE_OBJC_WEAK = YES;
				CLANG_WARN_BLOCK_CAPTURE_AUTORELEASING = YES;
				CLANG_WARN_BOOL_CONVERSION = YES;
				CLANG_WARN_COMMA = YES;
				CLANG_WARN_CONSTANT_CONVERSION = YES;
				CLANG_WARN_DEPRECATED_OBJC_IMPLEMENTATIONS = YES;
				CLANG_WARN_DIRECT_OBJC_ISA_USAGE = YES_ERROR;
				CLANG_WARN_DOCUMENTATION_COMMENTS = YES;
				CLANG_WARN_EMPTY_BODY = YES;
				CLANG_WARN_ENUM_CONVERSION = YES;
				CLANG_WARN_INFINITE_RECURSION = YES;
				CLANG_WARN_INT_CONVERSION = YES;
				CLANG_WARN_NON_LITERAL_NULL_CONVERSION = YES;
				CLANG_WARN_OBJC_IMPLICIT_RETAIN_SELF = YES;
				CLANG_WARN_OBJC_LITERAL_CONVERSION = YES;
				CLANG_WARN_OBJC_ROOT_CLASS = YES_ERROR;
				CLANG_WARN_QUOTED_INCLUDE_IN_FRAMEWORK_HEADER = YES;
				CLANG_WARN_RANGE_LOOP_ANALYSIS = YES;
				CLANG_WARN_STRICT_PROTOTYPES = YES;
				CLANG_WARN_SUSPICIOUS_MOVE = YES;
				CLANG_WARN_UNGUARDED_AVAILABILITY = YES_AGGRESSIVE;
				CLANG_WARN_UNREACHABLE_CODE = YES;
				CLANG_WARN__DUPLICATE_METHOD_MATCH = YES;
				COPY_PHASE_STRIP = NO;
				DEBUG_INFORMATION_FORMAT = "dwarf-with-dsym";
				ENABLE_NS_ASSERTIONS = NO;
				ENABLE_STRICT_OBJC_MSGSEND = YES;
				GCC_C_LANGUAGE_STANDARD = gnu11;
				GCC_NO_COMMON_BLOCKS = YES;
				GCC_WARN_64_TO_32_BIT_CONVERSION = YES;
				GCC_WARN_ABOUT_RETURN_TYPE = YES_ERROR;
				GCC_WARN_UNDECLARED_SELECTOR = YES;
				GCC_WARN_UNINITIALIZED_AUTOS = YES_AGGRESSIVE;
				GCC_WARN_UNUSED_FUNCTION = YES;
				GCC_WARN_UNUSED_VARIABLE = YES;
				IPHONEOS_DEPLOYMENT_TARGET = 15.2;
				MTL_ENABLE_DEBUG_INFO = NO;
				MTL_FAST_MATH = YES;
				SDKROOT = iphoneos;
				SWIFT_COMPILATION_MODE = wholemodule;
				SWIFT_OPTIMIZATION_LEVEL = "-O";
				VALIDATE_PRODUCT = YES;
			};
			name = Release;
		};
		249F21B327AFFD9A00A1F2A0 /* Debug */ = {
			isa = XCBuildConfiguration;
			buildSettings = {
				ASSETCATALOG_COMPILER_APPICON_NAME = AppIcon;
				ASSETCATALOG_COMPILER_GLOBAL_ACCENT_COLOR_NAME = AccentColor;
				CODE_SIGN_STYLE = Automatic;
				CURRENT_PROJECT_VERSION = 1;
				DEVELOPMENT_TEAM = P6K8M6RQ2W;
				GENERATE_INFOPLIST_FILE = YES;
				INFOPLIST_FILE = PracticeMockolo/Info.plist;
				INFOPLIST_KEY_UIApplicationSupportsIndirectInputEvents = YES;
				INFOPLIST_KEY_UILaunchStoryboardName = LaunchScreen;
				INFOPLIST_KEY_UIMainStoryboardFile = Main;
				INFOPLIST_KEY_UISupportedInterfaceOrientations_iPad = "UIInterfaceOrientationPortrait UIInterfaceOrientationPortraitUpsideDown UIInterfaceOrientationLandscapeLeft UIInterfaceOrientationLandscapeRight";
				INFOPLIST_KEY_UISupportedInterfaceOrientations_iPhone = "UIInterfaceOrientationPortrait UIInterfaceOrientationLandscapeLeft UIInterfaceOrientationLandscapeRight";
				LD_RUNPATH_SEARCH_PATHS = (
					"$(inherited)",
					"@executable_path/Frameworks",
				);
				MARKETING_VERSION = 1.0;
				PRODUCT_BUNDLE_IDENTIFIER = com.r.t.astronomy.PracticeMockolo;
				PRODUCT_NAME = "$(TARGET_NAME)";
				SWIFT_EMIT_LOC_STRINGS = YES;
				SWIFT_VERSION = 5.0;
				TARGETED_DEVICE_FAMILY = "1,2";
			};
			name = Debug;
		};
		249F21B427AFFD9A00A1F2A0 /* Release */ = {
			isa = XCBuildConfiguration;
			buildSettings = {
				ASSETCATALOG_COMPILER_APPICON_NAME = AppIcon;
				ASSETCATALOG_COMPILER_GLOBAL_ACCENT_COLOR_NAME = AccentColor;
				CODE_SIGN_STYLE = Automatic;
				CURRENT_PROJECT_VERSION = 1;
				DEVELOPMENT_TEAM = P6K8M6RQ2W;
				GENERATE_INFOPLIST_FILE = YES;
				INFOPLIST_FILE = PracticeMockolo/Info.plist;
				INFOPLIST_KEY_UIApplicationSupportsIndirectInputEvents = YES;
				INFOPLIST_KEY_UILaunchStoryboardName = LaunchScreen;
				INFOPLIST_KEY_UIMainStoryboardFile = Main;
				INFOPLIST_KEY_UISupportedInterfaceOrientations_iPad = "UIInterfaceOrientationPortrait UIInterfaceOrientationPortraitUpsideDown UIInterfaceOrientationLandscapeLeft UIInterfaceOrientationLandscapeRight";
				INFOPLIST_KEY_UISupportedInterfaceOrientations_iPhone = "UIInterfaceOrientationPortrait UIInterfaceOrientationLandscapeLeft UIInterfaceOrientationLandscapeRight";
				LD_RUNPATH_SEARCH_PATHS = (
					"$(inherited)",
					"@executable_path/Frameworks",
				);
				MARKETING_VERSION = 1.0;
				PRODUCT_BUNDLE_IDENTIFIER = com.r.t.astronomy.PracticeMockolo;
				PRODUCT_NAME = "$(TARGET_NAME)";
				SWIFT_EMIT_LOC_STRINGS = YES;
				SWIFT_VERSION = 5.0;
				TARGETED_DEVICE_FAMILY = "1,2";
			};
			name = Release;
		};
		249F21B627AFFD9A00A1F2A0 /* Debug */ = {
			isa = XCBuildConfiguration;
			buildSettings = {
				ALWAYS_EMBED_SWIFT_STANDARD_LIBRARIES = YES;
				BUNDLE_LOADER = "$(TEST_HOST)";
				CODE_SIGN_STYLE = Automatic;
				CURRENT_PROJECT_VERSION = 1;
				DEVELOPMENT_TEAM = P6K8M6RQ2W;
				GENERATE_INFOPLIST_FILE = YES;
				IPHONEOS_DEPLOYMENT_TARGET = 15.2;
				MARKETING_VERSION = 1.0;
				PRODUCT_BUNDLE_IDENTIFIER = com.r.t.astronomy.PracticeMockoloTests;
				PRODUCT_NAME = "$(TARGET_NAME)";
				SWIFT_EMIT_LOC_STRINGS = NO;
				SWIFT_VERSION = 5.0;
				TARGETED_DEVICE_FAMILY = "1,2";
				TEST_HOST = "$(BUILT_PRODUCTS_DIR)/PracticeMockolo.app/PracticeMockolo";
			};
			name = Debug;
		};
		249F21B727AFFD9A00A1F2A0 /* Release */ = {
			isa = XCBuildConfiguration;
			buildSettings = {
				ALWAYS_EMBED_SWIFT_STANDARD_LIBRARIES = YES;
				BUNDLE_LOADER = "$(TEST_HOST)";
				CODE_SIGN_STYLE = Automatic;
				CURRENT_PROJECT_VERSION = 1;
				DEVELOPMENT_TEAM = P6K8M6RQ2W;
				GENERATE_INFOPLIST_FILE = YES;
				IPHONEOS_DEPLOYMENT_TARGET = 15.2;
				MARKETING_VERSION = 1.0;
				PRODUCT_BUNDLE_IDENTIFIER = com.r.t.astronomy.PracticeMockoloTests;
				PRODUCT_NAME = "$(TARGET_NAME)";
				SWIFT_EMIT_LOC_STRINGS = NO;
				SWIFT_VERSION = 5.0;
				TARGETED_DEVICE_FAMILY = "1,2";
				TEST_HOST = "$(BUILT_PRODUCTS_DIR)/PracticeMockolo.app/PracticeMockolo";
			};
			name = Release;
		};
		249F21B927AFFD9A00A1F2A0 /* Debug */ = {
			isa = XCBuildConfiguration;
			buildSettings = {
				ALWAYS_EMBED_SWIFT_STANDARD_LIBRARIES = YES;
				CODE_SIGN_STYLE = Automatic;
				CURRENT_PROJECT_VERSION = 1;
				DEVELOPMENT_TEAM = P6K8M6RQ2W;
				GENERATE_INFOPLIST_FILE = YES;
				MARKETING_VERSION = 1.0;
				PRODUCT_BUNDLE_IDENTIFIER = com.r.t.astronomy.PracticeMockoloUITests;
				PRODUCT_NAME = "$(TARGET_NAME)";
				SWIFT_EMIT_LOC_STRINGS = NO;
				SWIFT_VERSION = 5.0;
				TARGETED_DEVICE_FAMILY = "1,2";
				TEST_TARGET_NAME = PracticeMockolo;
			};
			name = Debug;
		};
		249F21BA27AFFD9A00A1F2A0 /* Release */ = {
			isa = XCBuildConfiguration;
			buildSettings = {
				ALWAYS_EMBED_SWIFT_STANDARD_LIBRARIES = YES;
				CODE_SIGN_STYLE = Automatic;
				CURRENT_PROJECT_VERSION = 1;
				DEVELOPMENT_TEAM = P6K8M6RQ2W;
				GENERATE_INFOPLIST_FILE = YES;
				MARKETING_VERSION = 1.0;
				PRODUCT_BUNDLE_IDENTIFIER = com.r.t.astronomy.PracticeMockoloUITests;
				PRODUCT_NAME = "$(TARGET_NAME)";
				SWIFT_EMIT_LOC_STRINGS = NO;
				SWIFT_VERSION = 5.0;
				TARGETED_DEVICE_FAMILY = "1,2";
				TEST_TARGET_NAME = PracticeMockolo;
			};
			name = Release;
		};
/* End XCBuildConfiguration section */

/* Begin XCConfigurationList section */
		249F218327AFFD9800A1F2A0 /* Build configuration list for PBXProject "PracticeMockolo" */ = {
			isa = XCConfigurationList;
			buildConfigurations = (
				249F21B027AFFD9A00A1F2A0 /* Debug */,
				249F21B127AFFD9A00A1F2A0 /* Release */,
			);
			defaultConfigurationIsVisible = 0;
			defaultConfigurationName = Release;
		};
		249F21B227AFFD9A00A1F2A0 /* Build configuration list for PBXNativeTarget "PracticeMockolo" */ = {
			isa = XCConfigurationList;
			buildConfigurations = (
				249F21B327AFFD9A00A1F2A0 /* Debug */,
				249F21B427AFFD9A00A1F2A0 /* Release */,
			);
			defaultConfigurationIsVisible = 0;
			defaultConfigurationName = Release;
		};
		249F21B527AFFD9A00A1F2A0 /* Build configuration list for PBXNativeTarget "PracticeMockoloTests" */ = {
			isa = XCConfigurationList;
			buildConfigurations = (
				249F21B627AFFD9A00A1F2A0 /* Debug */,
				249F21B727AFFD9A00A1F2A0 /* Release */,
			);
			defaultConfigurationIsVisible = 0;
			defaultConfigurationName = Release;
		};
		249F21B827AFFD9A00A1F2A0 /* Build configuration list for PBXNativeTarget "PracticeMockoloUITests" */ = {
			isa = XCConfigurationList;
			buildConfigurations = (
				249F21B927AFFD9A00A1F2A0 /* Debug */,
				249F21BA27AFFD9A00A1F2A0 /* Release */,
			);
			defaultConfigurationIsVisible = 0;
			defaultConfigurationName = Release;
		};
/* End XCConfigurationList section */
	};
	rootObject = 249F218027AFFD9800A1F2A0 /* Project object */;
}
